
Microsoft Visual Studio Solution File, Format Version 12.00
# Visual Studio Version 17
VisualStudioVersion = 17.3.32929.385
MinimumVisualStudioVersion = 10.0.40219.1
Project("{9A19103F-16F7-4668-BE54-9A1E7A4F7556}") = "AnaforaTest", "AnaforaTest\AnaforaTest.csproj", "{F56E0846-EFB5-43EC-829B-72EF7AC6B3B5}"
EndProject
Project("{9A19103F-16F7-4668-BE54-9A1E7A4F7556}") = "AnaforaData", "Data\AnaforaData.csproj", "{C115D8D9-F0FC-47B2-AFF5-1C0357F14830}"
EndProject
Project("{9A19103F-16F7-4668-BE54-9A1E7A4F7556}") = "AnaforaWeb", "Web\AnaforaWeb.csproj", "{CD1A3A38-CF5D-4146-8E75-6F2714D2621D}"
EndProject
Project("{9A19103F-16F7-4668-BE54-9A1E7A4F7556}") = "AnaforaBenchmark", "AnaforaBenchmark\AnaforaBenchmark.csproj", "{81967F2E-24D5-4102-8470-A163C9E9BB17}"
EndProject
Project("{9A19103F-16F7-4668-BE54-9A1E7A4F7556}") = "AnaforaDataLab", "AnaforaDataLab\AnaforaDataLab.csproj", "{E7672223-1A51-4097-B4FB-DB12211D41FC}"
EndProject
Project("{54A90642-561A-4BB1-A94E-469ADEE60C69}") = "product_composer", "ProductComposer\product_composer.esproj", "{86E0B0FE-289F-4EBB-AD58-2427873FEDEB}"
EndProject
Global
	GlobalSection(SolutionConfigurationPlatforms) = preSolution
		Debug|Any CPU = Debug|Any CPU
		Release|Any CPU = Release|Any CPU
	EndGlobalSection
	GlobalSection(ProjectConfigurationPlatforms) = postSolution
		{F56E0846-EFB5-43EC-829B-72EF7AC6B3B5}.Debug|Any CPU.ActiveCfg = Debug|Any CPU
		{F56E0846-EFB5-43EC-829B-72EF7AC6B3B5}.Debug|Any CPU.Build.0 = Debug|Any CPU
		{F56E0846-EFB5-43EC-829B-72EF7AC6B3B5}.Release|Any CPU.ActiveCfg = Release|Any CPU
		{F56E0846-EFB5-43EC-829B-72EF7AC6B3B5}.Release|Any CPU.Build.0 = Release|Any CPU
		{C115D8D9-F0FC-47B2-AFF5-1C0357F14830}.Debug|Any CPU.ActiveCfg = Debug|Any CPU
		{C115D8D9-F0FC-47B2-AFF5-1C0357F14830}.Debug|Any CPU.Build.0 = Debug|Any CPU
		{C115D8D9-F0FC-47B2-AFF5-1C0357F14830}.Release|Any CPU.ActiveCfg = Release|Any CPU
		{C115D8D9-F0FC-47B2-AFF5-1C0357F14830}.Release|Any CPU.Build.0 = Release|Any CPU
		{CD1A3A38-CF5D-4146-8E75-6F2714D2621D}.Debug|Any CPU.ActiveCfg = Debug|Any CPU
		{CD1A3A38-CF5D-4146-8E75-6F2714D2621D}.Debug|Any CPU.Build.0 = Debug|Any CPU
		{CD1A3A38-CF5D-4146-8E75-6F2714D2621D}.Release|Any CPU.ActiveCfg = Release|Any CPU
		{CD1A3A38-CF5D-4146-8E75-6F2714D2621D}.Release|Any CPU.Build.0 = Release|Any CPU
		{81967F2E-24D5-4102-8470-A163C9E9BB17}.Debug|Any CPU.ActiveCfg = Debug|Any CPU
		{81967F2E-24D5-4102-8470-A163C9E9BB17}.Debug|Any CPU.Build.0 = Debug|Any CPU
		{81967F2E-24D5-4102-8470-A163C9E9BB17}.Release|Any CPU.ActiveCfg = Release|Any CPU
		{81967F2E-24D5-4102-8470-A163C9E9BB17}.Release|Any CPU.Build.0 = Release|Any CPU
		{E7672223-1A51-4097-B4FB-DB12211D41FC}.Debug|Any CPU.ActiveCfg = Debug|Any CPU
		{E7672223-1A51-4097-B4FB-DB12211D41FC}.Debug|Any CPU.Build.0 = Debug|Any CPU
		{E7672223-1A51-4097-B4FB-DB12211D41FC}.Release|Any CPU.ActiveCfg = Release|Any CPU
		{E7672223-1A51-4097-B4FB-DB12211D41FC}.Release|Any CPU.Build.0 = Release|Any CPU
		{86E0B0FE-289F-4EBB-AD58-2427873FEDEB}.Debug|Any CPU.ActiveCfg = Debug|Any CPU
		{86E0B0FE-289F-4EBB-AD58-2427873FEDEB}.Debug|Any CPU.Build.0 = Debug|Any CPU
		{86E0B0FE-289F-4EBB-AD58-2427873FEDEB}.Debug|Any CPU.Deploy.0 = Debug|Any CPU
		{86E0B0FE-289F-4EBB-AD58-2427873FEDEB}.Release|Any CPU.ActiveCfg = Release|Any CPU
		{86E0B0FE-289F-4EBB-AD58-2427873FEDEB}.Release|Any CPU.Build.0 = Release|Any CPU
		{86E0B0FE-289F-4EBB-AD58-2427873FEDEB}.Release|Any CPU.Deploy.0 = Release|Any CPU
	EndGlobalSection
	GlobalSection(SolutionProperties) = preSolution
		HideSolutionNode = FALSE
	EndGlobalSection
	GlobalSection(ExtensibilityGlobals) = postSolution
		SolutionGuid = {92CB1C76-D640-4765-B065-9A94F162A7C6}
	EndGlobalSection
EndGlobal
